<Solution>
  <Project Path="Hdz.Core/Hdz.Core.csproj" Id="f9f040f8-61bd-4266-8e24-6613cf96c558" />
  <Project Path="reactwithaspnetdemo.client/reactwithaspnetdemo.client.esproj">
    <Build />
    <Deploy />
  </Project>
  <Project Path="ReactWithAspNetDemo.Server/ReactWithAspNetDemo.Server.csproj" />
</Solution>
